
Microsoft Visual Studio Solution File, Format Version 12.00
Project("{FAE04EC0-301F-11D3-BF4B-00C04F79EFBC}") = "SMS", "SMS\SMS\SMS.csproj", "{148E124B-ACE6-4FE2-9655-FCCC126F49DC}"
EndProject
Project("{FAE04EC0-301F-11D3-BF4B-00C04F79EFBC}") = "SMS.Client", "SMS\SMS.Client\SMS.Client.csproj", "{03A79790-84BC-4927-AD33-96D50E0BF9BB}"
EndProject
Global
	GlobalSection(SolutionConfigurationPlatforms) = preSolution
		Debug|Any CPU = Debug|Any CPU
		Release|Any CPU = Release|Any CPU
	EndGlobalSection
	GlobalSection(ProjectConfigurationPlatforms) = postSolution
		{148E124B-ACE6-4FE2-9655-FCCC126F49DC}.Debug|Any CPU.ActiveCfg = Debug|Any CPU
		{148E124B-ACE6-4FE2-9655-FCCC126F49DC}.Debug|Any CPU.Build.0 = Debug|Any CPU
		{148E124B-ACE6-4FE2-9655-FCCC126F49DC}.Release|Any CPU.ActiveCfg = Release|Any CPU
		{148E124B-ACE6-4FE2-9655-FCCC126F49DC}.Release|Any CPU.Build.0 = Release|Any CPU
		{03A79790-84BC-4927-AD33-96D50E0BF9BB}.Debug|Any CPU.ActiveCfg = Debug|Any CPU
		{03A79790-84BC-4927-AD33-96D50E0BF9BB}.Debug|Any CPU.Build.0 = Debug|Any CPU
		{03A79790-84BC-4927-AD33-96D50E0BF9BB}.Release|Any CPU.ActiveCfg = Release|Any CPU
		{03A79790-84BC-4927-AD33-96D50E0BF9BB}.Release|Any CPU.Build.0 = Release|Any CPU
	EndGlobalSection
EndGlobal
